{
  "name": "secure-ui-showcase",
  "version": "1.0.0",
  "lockfileVersion": 3,
  "requires": true,
  "packages": {
    "": {
      "name": "secure-ui-showcase",
      "version": "1.0.0",
      "dependencies": {
        "secure-ui-components": "^0.4.2"
      }
    },
    "node_modules/secure-ui-components": {
      "version": "0.4.2",
      "resolved": "https://registry.npmjs.org/secure-ui-components/-/secure-ui-components-0.4.2.tgz",
      "integrity": "sha512-Hkrs2hPJddA75SkOLHXbiZso9hz42V67iewEvFJklXlBMQe2GStgm3JhwLpqwWSdIVDbSUfVvZFgrugQu52dyg==",
      "engines": {
        "node": ">=18.0.0"
      }
    }
  }
}
